// !$*UTF8*$!
{
	archiveVersion = 1;
	classes = {
	};
	objectVersion = 46;
	objects = {

/* Begin PBXBuildFile section */
		9318393B1CE2741800942E0C /* SKSConfiguration.swift in Sources */ = {isa = PBXBuildFile; fileRef = 9318393A1CE2741800942E0C /* SKSConfiguration.swift */; };
		931839401CE2998500942E0C /* sk_error.pcm in Resources */ = {isa = PBXBuildFile; fileRef = 9318393D1CE2998500942E0C /* sk_error.pcm */; };
		931839411CE2998500942E0C /* sk_start.pcm in Resources */ = {isa = PBXBuildFile; fileRef = 9318393E1CE2998500942E0C /* sk_start.pcm */; };
		931839421CE2998500942E0C /* sk_stop.pcm in Resources */ = {isa = PBXBuildFile; fileRef = 9318393F1CE2998500942E0C /* sk_stop.pcm */; };
		93AE82E31CB83522002822F8 /* AppDelegate.swift in Sources */ = {isa = PBXBuildFile; fileRef = 93AE82E21CB83522002822F8 /* AppDelegate.swift */; };
		93AE82E51CB83522002822F8 /* ViewController.swift in Sources */ = {isa = PBXBuildFile; fileRef = 93AE82E41CB83522002822F8 /* ViewController.swift */; };
		93AE82E81CB83522002822F8 /* Main.storyboard in Resources */ = {isa = PBXBuildFile; fileRef = 93AE82E61CB83522002822F8 /* Main.storyboard */; };
		93AE82EA1CB83522002822F8 /* Assets.xcassets in Resources */ = {isa = PBXBuildFile; fileRef = 93AE82E91CB83522002822F8 /* Assets.xcassets */; };
		93AE82ED1CB83522002822F8 /* LaunchScreen.storyboard in Resources */ = {isa = PBXBuildFile; fileRef = 93AE82EB1CB83522002822F8 /* LaunchScreen.storyboard */; };
		93AE82F51CB83602002822F8 /* silence.caf in Resources */ = {isa = PBXBuildFile; fileRef = 93AE82F41CB83602002822F8 /* silence.caf */; };
		C3EA95D17584B312B775F8CB /* Pods_MrRemote.framework in Frameworks */ = {isa = PBXBuildFile; fileRef = 41F957E01AD3BD0FC3B11F90 /* Pods_MrRemote.framework */; };
/* End PBXBuildFile section */

/* Begin PBXFileReference section */
		29D885C49FD3DC357EFA39F4 /* Pods-MrRemote.release.xcconfig */ = {isa = PBXFileReference; includeInIndex = 1; lastKnownFileType = text.xcconfig; name = "Pods-MrRemote.release.xcconfig"; path = "Pods/Target Support Files/Pods-MrRemote/Pods-MrRemote.release.xcconfig"; sourceTree = "<group>"; };
		41F957E01AD3BD0FC3B11F90 /* Pods_MrRemote.framework */ = {isa = PBXFileReference; explicitFileType = wrapper.framework; includeInIndex = 0; path = Pods_MrRemote.framework; sourceTree = BUILT_PRODUCTS_DIR; };
		9318393A1CE2741800942E0C /* SKSConfiguration.swift */ = {isa = PBXFileReference; fileEncoding = 4; lastKnownFileType = sourcecode.swift; path = SKSConfiguration.swift; sourceTree = "<group>"; };
		9318393D1CE2998500942E0C /* sk_error.pcm */ = {isa = PBXFileReference; lastKnownFileType = file; path = sk_error.pcm; sourceTree = "<group>"; };
		9318393E1CE2998500942E0C /* sk_start.pcm */ = {isa = PBXFileReference; lastKnownFileType = file; path = sk_start.pcm; sourceTree = "<group>"; };
		9318393F1CE2998500942E0C /* sk_stop.pcm */ = {isa = PBXFileReference; lastKnownFileType = file; path = sk_stop.pcm; sourceTree = "<group>"; };
		93AE82DF1CB83522002822F8 /* Note To Self.app */ = {isa = PBXFileReference; explicitFileType = wrapper.application; includeInIndex = 0; path = "Note To Self.app"; sourceTree = BUILT_PRODUCTS_DIR; };
		93AE82E21CB83522002822F8 /* AppDelegate.swift */ = {isa = PBXFileReference; lastKnownFileType = sourcecode.swift; path = AppDelegate.swift; sourceTree = "<group>"; };
		93AE82E41CB83522002822F8 /* ViewController.swift */ = {isa = PBXFileReference; lastKnownFileType = sourcecode.swift; path = ViewController.swift; sourceTree = "<group>"; };
		93AE82E71CB83522002822F8 /* Base */ = {isa = PBXFileReference; lastKnownFileType = file.storyboard; name = Base; path = Base.lproj/Main.storyboard; sourceTree = "<group>"; };
		93AE82E91CB83522002822F8 /* Assets.xcassets */ = {isa = PBXFileReference; lastKnownFileType = folder.assetcatalog; path = Assets.xcassets; sourceTree = "<group>"; };
		93AE82EC1CB83522002822F8 /* Base */ = {isa = PBXFileReference; lastKnownFileType = file.storyboard; name = Base; path = Base.lproj/LaunchScreen.storyboard; sourceTree = "<group>"; };
		93AE82EE1CB83522002822F8 /* Info.plist */ = {isa = PBXFileReference; lastKnownFileType = text.plist.xml; path = Info.plist; sourceTree = "<group>"; };
		93AE82F41CB83602002822F8 /* silence.caf */ = {isa = PBXFileReference; lastKnownFileType = file; path = silence.caf; sourceTree = "<group>"; };
		EF7BF132AA54F4FABC0D1FC8 /* Pods-MrRemote.debug.xcconfig */ = {isa = PBXFileReference; includeInIndex = 1; lastKnownFileType = text.xcconfig; name = "Pods-MrRemote.debug.xcconfig"; path = "Pods/Target Support Files/Pods-MrRemote/Pods-MrRemote.debug.xcconfig"; sourceTree = "<group>"; };
/* End PBXFileReference section */

/* Begin PBXFrameworksBuildPhase section */
		93AE82DC1CB83522002822F8 /* Frameworks */ = {
			isa = PBXFrameworksBuildPhase;
			buildActionMask = 2147483647;
			files = (
				C3EA95D17584B312B775F8CB /* Pods_MrRemote.framework in Frameworks */,
			);
			runOnlyForDeploymentPostprocessing = 0;
		};
/* End PBXFrameworksBuildPhase section */

/* Begin PBXGroup section */
		33868526954BCED889A45182 /* Pods */ = {
			isa = PBXGroup;
			children = (
				EF7BF132AA54F4FABC0D1FC8 /* Pods-MrRemote.debug.xcconfig */,
				29D885C49FD3DC357EFA39F4 /* Pods-MrRemote.release.xcconfig */,
			);
			name = Pods;
			sourceTree = "<group>";
		};
		93AE82D61CB83522002822F8 = {
			isa = PBXGroup;
			children = (
				93AE82E11CB83522002822F8 /* Source */,
				93AE82E01CB83522002822F8 /* Products */,
				33868526954BCED889A45182 /* Pods */,
				B828C0D955422DEACE789CD5 /* Frameworks */,
			);
			sourceTree = "<group>";
		};
		93AE82E01CB83522002822F8 /* Products */ = {
			isa = PBXGroup;
			children = (
				93AE82DF1CB83522002822F8 /* Note To Self.app */,
			);
			name = Products;
			sourceTree = "<group>";
		};
		93AE82E11CB83522002822F8 /* Source */ = {
			isa = PBXGroup;
			children = (
				93AE82F41CB83602002822F8 /* silence.caf */,
				9318393D1CE2998500942E0C /* sk_error.pcm */,
				9318393E1CE2998500942E0C /* sk_start.pcm */,
				9318393F1CE2998500942E0C /* sk_stop.pcm */,
				93AE82E21CB83522002822F8 /* AppDelegate.swift */,
				93AE82E41CB83522002822F8 /* ViewController.swift */,
				9318393A1CE2741800942E0C /* SKSConfiguration.swift */,
				93AE82E61CB83522002822F8 /* Main.storyboard */,
				93AE82E91CB83522002822F8 /* Assets.xcassets */,
				93AE82EB1CB83522002822F8 /* LaunchScreen.storyboard */,
				93AE82EE1CB83522002822F8 /* Info.plist */,
			);
			name = Source;
			path = MrRemote;
			sourceTree = "<group>";
		};
		B828C0D955422DEACE789CD5 /* Frameworks */ = {
			isa = PBXGroup;
			children = (
				41F957E01AD3BD0FC3B11F90 /* Pods_MrRemote.framework */,
			);
			name = Frameworks;
			sourceTree = "<group>";
		};
/* End PBXGroup section */

/* Begin PBXNativeTarget section */
		93AE82DE1CB83522002822F8 /* Note To Self */ = {
			isa = PBXNativeTarget;
			buildConfigurationList = 93AE82F11CB83522002822F8 /* Build configuration list for PBXNativeTarget "Note To Self" */;
			buildPhases = (
				F22055897DBFEC8AD072EBF2 /* 📦 Check Pods Manifest.lock */,
				93AE82DB1CB83522002822F8 /* Sources */,
				93AE82DC1CB83522002822F8 /* Frameworks */,
				93AE82DD1CB83522002822F8 /* Resources */,
				1D4D97917E173D06C84D67FC /* 📦 Embed Pods Frameworks */,
				A03FEEB2E28AE634A1F1A95F /* 📦 Copy Pods Resources */,
			);
			buildRules = (
			);
			dependencies = (
			);
			name = "Note To Self";
			productName = MrRemote;
			productReference = 93AE82DF1CB83522002822F8 /* Note To Self.app */;
			productType = "com.apple.product-type.application";
		};
/* End PBXNativeTarget section */

/* Begin PBXProject section */
		93AE82D71CB83522002822F8 /* Project object */ = {
			isa = PBXProject;
			attributes = {
				LastSwiftUpdateCheck = 0730;
				LastUpgradeCheck = 0730;
				ORGANIZATIONNAME = "David Lu";
				TargetAttributes = {
					93AE82DE1CB83522002822F8 = {
						CreatedOnToolsVersion = 7.3;
						DevelopmentTeam = ARA52RY8JW;
					};
				};
			};
			buildConfigurationList = 93AE82DA1CB83522002822F8 /* Build configuration list for PBXProject "Note To Self" */;
			compatibilityVersion = "Xcode 3.2";
			developmentRegion = English;
			hasScannedForEncodings = 0;
			knownRegions = (
				en,
				Base,
			);
			mainGroup = 93AE82D61CB83522002822F8;
			productRefGroup = 93AE82E01CB83522002822F8 /* Products */;
			projectDirPath = "";
			projectRoot = "";
			targets = (
				93AE82DE1CB83522002822F8 /* Note To Self */,
			);
		};
/* End PBXProject section */

/* Begin PBXResourcesBuildPhase section */
		93AE82DD1CB83522002822F8 /* Resources */ = {
			isa = PBXResourcesBuildPhase;
			buildActionMask = 2147483647;
			files = (
				93AE82ED1CB83522002822F8 /* LaunchScreen.storyboard in Resources */,
				93AE82EA1CB83522002822F8 /* Assets.xcassets in Resources */,
				931839421CE2998500942E0C /* sk_stop.pcm in Resources */,
				931839401CE2998500942E0C /* sk_error.pcm in Resources */,
				931839411CE2998500942E0C /* sk_start.pcm in Resources */,
				93AE82F51CB83602002822F8 /* silence.caf in Resources */,
				93AE82E81CB83522002822F8 /* Main.storyboard in Resources */,
			);
			runOnlyForDeploymentPostprocessing = 0;
		};
/* End PBXResourcesBuildPhase section */

/* Begin PBXShellScriptBuildPhase section */
		1D4D97917E173D06C84D67FC /* 📦 Embed Pods Frameworks */ = {
			isa = PBXShellScriptBuildPhase;
			buildActionMask = 2147483647;
			files = (
			);
			inputPaths = (
			);
			name = "📦 Embed Pods Frameworks";
			outputPaths = (
			);
			runOnlyForDeploymentPostprocessing = 0;
			shellPath = /bin/sh;
			shellScript = "\"${SRCROOT}/Pods/Target Support Files/Pods-MrRemote/Pods-MrRemote-frameworks.sh\"\n";
			showEnvVarsInLog = 0;
		};
		A03FEEB2E28AE634A1F1A95F /* 📦 Copy Pods Resources */ = {
			isa = PBXShellScriptBuildPhase;
			buildActionMask = 2147483647;
			files = (
			);
			inputPaths = (
			);
			name = "📦 Copy Pods Resources";
			outputPaths = (
			);
			runOnlyForDeploymentPostprocessing = 0;
			shellPath = /bin/sh;
			shellScript = "\"${SRCROOT}/Pods/Target Support Files/Pods-MrRemote/Pods-MrRemote-resources.sh\"\n";
			showEnvVarsInLog = 0;
		};
		F22055897DBFEC8AD072EBF2 /* 📦 Check Pods Manifest.lock */ = {
			isa = PBXShellScriptBuildPhase;
			buildActionMask = 2147483647;
			files = (
			);
			inputPaths = (
			);
			name = "📦 Check Pods Manifest.lock";
			outputPaths = (
			);
			runOnlyForDeploymentPostprocessing = 0;
			shellPath = /bin/sh;
			shellScript = "diff \"${PODS_ROOT}/../Podfile.lock\" \"${PODS_ROOT}/Manifest.lock\" > /dev/null\nif [[ $? != 0 ]] ; then\n    cat << EOM\nerror: The sandbox is not in sync with the Podfile.lock. Run 'pod install' or update your CocoaPods installation.\nEOM\n    exit 1\nfi\n";
			showEnvVarsInLog = 0;
		};
/* End PBXShellScriptBuildPhase section */

/* Begin PBXSourcesBuildPhase section */
		93AE82DB1CB83522002822F8 /* Sources */ = {
			isa = PBXSourcesBuildPhase;
			buildActionMask = 2147483647;
			files = (
				9318393B1CE2741800942E0C /* SKSConfiguration.swift in Sources */,
				93AE82E51CB83522002822F8 /* ViewController.swift in Sources */,
				93AE82E31CB83522002822F8 /* AppDelegate.swift in Sources */,
			);
			runOnlyForDeploymentPostprocessing = 0;
		};
/* End PBXSourcesBuildPhase section */

/* Begin PBXVariantGroup section */
		93AE82E61CB83522002822F8 /* Main.storyboard */ = {
			isa = PBXVariantGroup;
			children = (
				93AE82E71CB83522002822F8 /* Base */,
			);
			name = Main.storyboard;
			sourceTree = "<group>";
		};
		93AE82EB1CB83522002822F8 /* LaunchScreen.storyboard */ = {
			isa = PBXVariantGroup;
			children = (
				93AE82EC1CB83522002822F8 /* Base */,
			);
			name = LaunchScreen.storyboard;
			sourceTree = "<group>";
		};
/* End PBXVariantGroup section */

/* Begin XCBuildConfiguration section */
		93AE82EF1CB83522002822F8 /* Debug */ = {
			isa = XCBuildConfiguration;
			buildSettings = {
				ALWAYS_SEARCH_USER_PATHS = NO;
				CLANG_ANALYZER_NONNULL = YES;
				CLANG_CXX_LANGUAGE_STANDARD = "gnu++0x";
				CLANG_CXX_LIBRARY = "libc++";
				CLANG_ENABLE_MODULES = YES;
				CLANG_ENABLE_OBJC_ARC = YES;
				CLANG_WARN_BOOL_CONVERSION = YES;
				CLANG_WARN_CONSTANT_CONVERSION = YES;
				CLANG_WARN_DIRECT_OBJC_ISA_USAGE = YES_ERROR;
				CLANG_WARN_EMPTY_BODY = YES;
				CLANG_WARN_ENUM_CONVERSION = YES;
				CLANG_WARN_INT_CONVERSION = YES;
				CLANG_WARN_OBJC_ROOT_CLASS = YES_ERROR;
				CLANG_WARN_UNREACHABLE_CODE = YES;
				CLANG_WARN__DUPLICATE_METHOD_MATCH = YES;
				"CODE_SIGN_IDENTITY[sdk=iphoneos*]" = "iPhone Developer";
				COPY_PHASE_STRIP = NO;
				DEBUG_INFORMATION_FORMAT = dwarf;
				ENABLE_STRICT_OBJC_MSGSEND = YES;
				ENABLE_TESTABILITY = YES;
				GCC_C_LANGUAGE_STANDARD = gnu99;
				GCC_DYNAMIC_NO_PIC = NO;
				GCC_NO_COMMON_BLOCKS = YES;
				GCC_OPTIMIZATION_LEVEL = 0;
				GCC_PREPROCESSOR_DEFINITIONS = (
					"DEBUG=1",
					"$(inherited)",
				);
				GCC_WARN_64_TO_32_BIT_CONVERSION = YES;
				GCC_WARN_ABOUT_RETURN_TYPE = YES_ERROR;
				GCC_WARN_UNDECLARED_SELECTOR = YES;
				GCC_WARN_UNINITIALIZED_AUTOS = YES_AGGRESSIVE;
				GCC_WARN_UNUSED_FUNCTION = YES;
				GCC_WARN_UNUSED_VARIABLE = YES;
				IPHONEOS_DEPLOYMENT_TARGET = 9.3;
				MTL_ENABLE_DEBUG_INFO = YES;
				ONLY_ACTIVE_ARCH = YES;
				SDKROOT = iphoneos;
				SWIFT_OPTIMIZATION_LEVEL = "-Onone";
				TARGETED_DEVICE_FAMILY = "1,2";
			};
			name = Debug;
		};
		93AE82F01CB83522002822F8 /* Release */ = {
			isa = XCBuildConfiguration;
			buildSettings = {
				ALWAYS_SEARCH_USER_PATHS = NO;
				CLANG_ANALYZER_NONNULL = YES;
				CLANG_CXX_LANGUAGE_STANDARD = "gnu++0x";
				CLANG_CXX_LIBRARY = "libc++";
				CLANG_ENABLE_MODULES = YES;
				CLANG_ENABLE_OBJC_ARC = YES;
				CLANG_WARN_BOOL_CONVERSION = YES;
				CLANG_WARN_CONSTANT_CONVERSION = YES;
				CLANG_WARN_DIRECT_OBJC_ISA_USAGE = YES_ERROR;
				CLANG_WARN_EMPTY_BODY = YES;
				CLANG_WARN_ENUM_CONVERSION = YES;
				CLANG_WARN_INT_CONVERSION = YES;
				CLANG_WARN_OBJC_ROOT_CLASS = YES_ERROR;
				CLANG_WARN_UNREACHABLE_CODE = YES;
				CLANG_WARN__DUPLICATE_METHOD_MATCH = YES;
				"CODE_SIGN_IDENTITY[sdk=iphoneos*]" = "iPhone Developer";
				COPY_PHASE_STRIP = NO;
				DEBUG_INFORMATION_FORMAT = "dwarf-with-dsym";
				ENABLE_NS_ASSERTIONS = NO;
				ENABLE_STRICT_OBJC_MSGSEND = YES;
				GCC_C_LANGUAGE_STANDARD = gnu99;
				GCC_NO_COMMON_BLOCKS = YES;
				GCC_WARN_64_TO_32_BIT_CONVERSION = YES;
				GCC_WARN_ABOUT_RETURN_TYPE = YES_ERROR;
				GCC_WARN_UNDECLARED_SELECTOR = YES;
				GCC_WARN_UNINITIALIZED_AUTOS = YES_AGGRESSIVE;
				GCC_WARN_UNUSED_FUNCTION = YES;
				GCC_WARN_UNUSED_VARIABLE = YES;
				IPHONEOS_DEPLOYMENT_TARGET = 9.3;
				MTL_ENABLE_DEBUG_INFO = NO;
				SDKROOT = iphoneos;
				TARGETED_DEVICE_FAMILY = "1,2";
				VALIDATE_PRODUCT = YES;
			};
			name = Release;
		};
		93AE82F21CB83522002822F8 /* Debug */ = {
			isa = XCBuildConfiguration;
			baseConfigurationReference = EF7BF132AA54F4FABC0D1FC8 /* Pods-MrRemote.debug.xcconfig */;
			buildSettings = {
				ASSETCATALOG_COMPILER_APPICON_NAME = AppIcon;
				CLANG_ENABLE_MODULES = YES;
				CODE_SIGN_IDENTITY = "iPhone Developer";
				"CODE_SIGN_IDENTITY[sdk=iphoneos*]" = "iPhone Developer";
				INFOPLIST_FILE = MrRemote/Info.plist;
				LD_RUNPATH_SEARCH_PATHS = "$(inherited) @executable_path/Frameworks";
				ONLY_ACTIVE_ARCH = NO;
				OTHER_LDFLAGS = (
					"-l\"c++\"",
					"$(inherited)",
				);
				PRODUCT_BUNDLE_IDENTIFIER = co.davidlu.MrRemote;
				PRODUCT_NAME = "Note To Self";
				PROVISIONING_PROFILE = "";
				SWIFT_OPTIMIZATION_LEVEL = "-Onone";
			};
			name = Debug;
		};
		93AE82F31CB83522002822F8 /* Release */ = {
			isa = XCBuildConfiguration;
			baseConfigurationReference = 29D885C49FD3DC357EFA39F4 /* Pods-MrRemote.release.xcconfig */;
			buildSettings = {
				ASSETCATALOG_COMPILER_APPICON_NAME = AppIcon;
				CLANG_ENABLE_MODULES = YES;
				CODE_SIGN_IDENTITY = "iPhone Developer";
				"CODE_SIGN_IDENTITY[sdk=iphoneos*]" = "iPhone Developer";
				INFOPLIST_FILE = MrRemote/Info.plist;
				LD_RUNPATH_SEARCH_PATHS = "$(inherited) @executable_path/Frameworks";
				ONLY_ACTIVE_ARCH = NO;
				OTHER_LDFLAGS = (
					"-l\"c++\"",
					"$(inherited)",
				);
				PRODUCT_BUNDLE_IDENTIFIER = co.davidlu.MrRemote;
				PRODUCT_NAME = "Note To Self";
				PROVISIONING_PROFILE = "";
			};
			name = Release;
		};
/* End XCBuildConfiguration section */

/* Begin XCConfigurationList section */
		93AE82DA1CB83522002822F8 /* Build configuration list for PBXProject "Note To Self" */ = {
			isa = XCConfigurationList;
			buildConfigurations = (
				93AE82EF1CB83522002822F8 /* Debug */,
				93AE82F01CB83522002822F8 /* Release */,
			);
			defaultConfigurationIsVisible = 0;
			defaultConfigurationName = Release;
		};
		93AE82F11CB83522002822F8 /* Build configuration list for PBXNativeTarget "Note To Self" */ = {
			isa = XCConfigurationList;
			buildConfigurations = (
				93AE82F21CB83522002822F8 /* Debug */,
				93AE82F31CB83522002822F8 /* Release */,
			);
			defaultConfigurationIsVisible = 0;
			defaultConfigurationName = Release;
		};
/* End XCConfigurationList section */
	};
	rootObject = 93AE82D71CB83522002822F8 /* Project object */;
}
